
Microsoft Visual Studio Solution File, Format Version 12.00
# Visual Studio Version 17
VisualStudioVersion = 17.9.34701.34
MinimumVisualStudioVersion = 10.0.40219.1
Project("{9A19103F-16F7-4668-BE54-9A1E7A4F7556}") = "AuthService", "AuthService\AuthService.csproj", "{59BE12FB-F383-46F7-8657-2FFE552CF7F3}"
EndProject
Project("{9A19103F-16F7-4668-BE54-9A1E7A4F7556}") = "SalaryService", "SalaryService\SalaryService.csproj", "{DCBF136B-570F-436B-B349-4015F4355F5B}"
EndProject
Project("{9A19103F-16F7-4668-BE54-9A1E7A4F7556}") = "UserManagerService", "UserManagerService\UserManagerService.csproj", "{C188B01F-65FB-46D5-AA3B-0E0BD6C33BD6}"
EndProject
Project("{9A19103F-16F7-4668-BE54-9A1E7A4F7556}") = "DatabaseService", "DatabaseService\DatabaseService.csproj", "{36B9449D-A482-463C-8D07-1F62063E7A0F}"
EndProject
Project("{9A19103F-16F7-4668-BE54-9A1E7A4F7556}") = "NotificationService", "NotificationService\NotificationService.csproj", "{702CAABA-A28A-4FD6-AF45-F040D5D72672}"
EndProject
Project("{9A19103F-16F7-4668-BE54-9A1E7A4F7556}") = "RecruitmentService", "RecruitmentService\RecruitmentService.csproj", "{203D3BD4-5204-475F-93E9-4A3104900A53}"
EndProject
Project("{9A19103F-16F7-4668-BE54-9A1E7A4F7556}") = "CalendarService", "CalendarService\CalendarService.csproj", "{BA3BD38E-FC5B-47A2-90D0-726E1DC2A68D}"
EndProject
Project("{9A19103F-16F7-4668-BE54-9A1E7A4F7556}") = "CourseService", "CourseService\CourseService.csproj", "{E11D20E9-0672-49A4-B1B2-DC4F70B3DA46}"
EndProject
Project("{9A19103F-16F7-4668-BE54-9A1E7A4F7556}") = "TimeOffService", "TimeOffService\TimeOffService.csproj", "{749294CF-FB50-4108-8C6C-7D70A7EC2B5D}"
EndProject
Project("{9A19103F-16F7-4668-BE54-9A1E7A4F7556}") = "MeetingService", "MeetingService\MeetingService.csproj", "{F42357DF-9C3A-49CA-AECB-169687254CB1}"
EndProject
Project("{FAE04EC0-301F-11D3-BF4B-00C04F79EFBC}") = "AuthService.UnitTests", "AuthService.UnitTests\AuthService.UnitTests.csproj", "{0E49817D-455D-48F0-A15F-E4BF06B85B67}"
EndProject
Global
	GlobalSection(SolutionConfigurationPlatforms) = preSolution
		Debug|Any CPU = Debug|Any CPU
		Release|Any CPU = Release|Any CPU
	EndGlobalSection
	GlobalSection(ProjectConfigurationPlatforms) = postSolution
		{59BE12FB-F383-46F7-8657-2FFE552CF7F3}.Debug|Any CPU.ActiveCfg = Debug|Any CPU
		{59BE12FB-F383-46F7-8657-2FFE552CF7F3}.Debug|Any CPU.Build.0 = Debug|Any CPU
		{59BE12FB-F383-46F7-8657-2FFE552CF7F3}.Release|Any CPU.ActiveCfg = Release|Any CPU
		{59BE12FB-F383-46F7-8657-2FFE552CF7F3}.Release|Any CPU.Build.0 = Release|Any CPU
		{DCBF136B-570F-436B-B349-4015F4355F5B}.Debug|Any CPU.ActiveCfg = Debug|Any CPU
		{DCBF136B-570F-436B-B349-4015F4355F5B}.Debug|Any CPU.Build.0 = Debug|Any CPU
		{DCBF136B-570F-436B-B349-4015F4355F5B}.Release|Any CPU.ActiveCfg = Release|Any CPU
		{DCBF136B-570F-436B-B349-4015F4355F5B}.Release|Any CPU.Build.0 = Release|Any CPU
		{C188B01F-65FB-46D5-AA3B-0E0BD6C33BD6}.Debug|Any CPU.ActiveCfg = Debug|Any CPU
		{C188B01F-65FB-46D5-AA3B-0E0BD6C33BD6}.Debug|Any CPU.Build.0 = Debug|Any CPU
		{C188B01F-65FB-46D5-AA3B-0E0BD6C33BD6}.Release|Any CPU.ActiveCfg = Release|Any CPU
		{C188B01F-65FB-46D5-AA3B-0E0BD6C33BD6}.Release|Any CPU.Build.0 = Release|Any CPU
		{36B9449D-A482-463C-8D07-1F62063E7A0F}.Debug|Any CPU.ActiveCfg = Debug|Any CPU
		{36B9449D-A482-463C-8D07-1F62063E7A0F}.Debug|Any CPU.Build.0 = Debug|Any CPU
		{36B9449D-A482-463C-8D07-1F62063E7A0F}.Release|Any CPU.ActiveCfg = Release|Any CPU
		{36B9449D-A482-463C-8D07-1F62063E7A0F}.Release|Any CPU.Build.0 = Release|Any CPU
		{702CAABA-A28A-4FD6-AF45-F040D5D72672}.Debug|Any CPU.ActiveCfg = Debug|Any CPU
		{702CAABA-A28A-4FD6-AF45-F040D5D72672}.Debug|Any CPU.Build.0 = Debug|Any CPU
		{702CAABA-A28A-4FD6-AF45-F040D5D72672}.Release|Any CPU.ActiveCfg = Release|Any CPU
		{702CAABA-A28A-4FD6-AF45-F040D5D72672}.Release|Any CPU.Build.0 = Release|Any CPU
		{203D3BD4-5204-475F-93E9-4A3104900A53}.Debug|Any CPU.ActiveCfg = Debug|Any CPU
		{203D3BD4-5204-475F-93E9-4A3104900A53}.Debug|Any CPU.Build.0 = Debug|Any CPU
		{203D3BD4-5204-475F-93E9-4A3104900A53}.Release|Any CPU.ActiveCfg = Release|Any CPU
		{203D3BD4-5204-475F-93E9-4A3104900A53}.Release|Any CPU.Build.0 = Release|Any CPU
		{BA3BD38E-FC5B-47A2-90D0-726E1DC2A68D}.Debug|Any CPU.ActiveCfg = Debug|Any CPU
		{BA3BD38E-FC5B-47A2-90D0-726E1DC2A68D}.Debug|Any CPU.Build.0 = Debug|Any CPU
		{BA3BD38E-FC5B-47A2-90D0-726E1DC2A68D}.Release|Any CPU.ActiveCfg = Release|Any CPU
		{BA3BD38E-FC5B-47A2-90D0-726E1DC2A68D}.Release|Any CPU.Build.0 = Release|Any CPU
		{E11D20E9-0672-49A4-B1B2-DC4F70B3DA46}.Debug|Any CPU.ActiveCfg = Debug|Any CPU
		{E11D20E9-0672-49A4-B1B2-DC4F70B3DA46}.Debug|Any CPU.Build.0 = Debug|Any CPU
		{E11D20E9-0672-49A4-B1B2-DC4F70B3DA46}.Release|Any CPU.ActiveCfg = Release|Any CPU
		{E11D20E9-0672-49A4-B1B2-DC4F70B3DA46}.Release|Any CPU.Build.0 = Release|Any CPU
		{749294CF-FB50-4108-8C6C-7D70A7EC2B5D}.Debug|Any CPU.ActiveCfg = Debug|Any CPU
		{749294CF-FB50-4108-8C6C-7D70A7EC2B5D}.Debug|Any CPU.Build.0 = Debug|Any CPU
		{749294CF-FB50-4108-8C6C-7D70A7EC2B5D}.Release|Any CPU.ActiveCfg = Release|Any CPU
		{749294CF-FB50-4108-8C6C-7D70A7EC2B5D}.Release|Any CPU.Build.0 = Release|Any CPU
		{F42357DF-9C3A-49CA-AECB-169687254CB1}.Debug|Any CPU.ActiveCfg = Debug|Any CPU
		{F42357DF-9C3A-49CA-AECB-169687254CB1}.Debug|Any CPU.Build.0 = Debug|Any CPU
		{F42357DF-9C3A-49CA-AECB-169687254CB1}.Release|Any CPU.ActiveCfg = Release|Any CPU
		{F42357DF-9C3A-49CA-AECB-169687254CB1}.Release|Any CPU.Build.0 = Release|Any CPU
		{0E49817D-455D-48F0-A15F-E4BF06B85B67}.Debug|Any CPU.ActiveCfg = Debug|Any CPU
		{0E49817D-455D-48F0-A15F-E4BF06B85B67}.Debug|Any CPU.Build.0 = Debug|Any CPU
		{0E49817D-455D-48F0-A15F-E4BF06B85B67}.Release|Any CPU.ActiveCfg = Release|Any CPU
		{0E49817D-455D-48F0-A15F-E4BF06B85B67}.Release|Any CPU.Build.0 = Release|Any CPU
	EndGlobalSection
	GlobalSection(SolutionProperties) = preSolution
		HideSolutionNode = FALSE
	EndGlobalSection
	GlobalSection(ExtensibilityGlobals) = postSolution
		SolutionGuid = {6023E5F2-17B1-4663-A99D-F508C1665C66}
	EndGlobalSection
EndGlobal
